# THIS IS AN AUTOGENERATED FILE. DO NOT EDIT THIS FILE DIRECTLY.
# yarn lockfile v1


"@babel/polyfill@^7.0.0":
  version "7.4.4"
  resolved "https://registry.npm.taobao.org/@babel/polyfill/download/@babel/polyfill-7.4.4.tgz#78801cf3dbe657844eeabf31c1cae3828051e893"
  integrity sha1-eIAc89vmV4RO6r8xwcrjgoBR6JM=
  dependencies:
    core-js "^2.6.5"
    regenerator-runtime "^0.13.2"

"@jimp/bmp@^0.6.4":
  version "0.6.4"
  resolved "https://registry.npm.taobao.org/@jimp/bmp/download/@jimp/bmp-0.6.4.tgz#0f4b94486e979d82c83e1e87cd00b756afb26e49"
  integrity sha1-D0uUSG6XnYLIPh6HzQC3Vq+ybkk=
  dependencies:
    "@jimp/utils" "^0.6.4"
    bmp-js "^0.1.0"
    core-js "^2.5.7"

"@jimp/core@^0.6.4":
  version "0.6.4"
  resolved "https://registry.npm.taobao.org/@jimp/core/download/@jimp/core-0.6.4.tgz#19ab5f4ff0db4f602b36b159c714e37ebfb5672f"
  integrity sha1-GatfT/DbT2ArNrFZxxTjfr+1Zy8=
  dependencies:
    "@jimp/utils" "^0.6.4"
    any-base "^1.1.0"
    buffer "^5.2.0"
    core-js "^2.5.7"
    exif-parser "^0.1.12"
    file-type "^9.0.0"
    load-bmfont "^1.3.1"
    mkdirp "0.5.1"
    phin "^2.9.1"
    pixelmatch "^4.0.2"
    tinycolor2 "^1.4.1"

"@jimp/custom@^0.6.4":
  version "0.6.4"
  resolved "https://registry.npm.taobao.org/@jimp/custom/download/@jimp/custom-0.6.4.tgz#eb1abbda83f13149e50e71f0c5fc78d873fb485b"
  integrity sha1-6xq72oPxMUnlDnHwxfx42HP7SFs=
  dependencies:
    "@jimp/core" "^0.6.4"
    core-js "^2.5.7"

"@jimp/gif@^0.6.4":
  version "0.6.4"
  resolved "https://registry.npm.taobao.org/@jimp/gif/download/@jimp/gif-0.6.4.tgz#cbe8c27ceffd28112ec045b3f8a74724b8d3cdd0"
  integrity sha1-y+jCfO/9KBEuwEWz+KdHJLjTzdA=
  dependencies:
    "@jimp/utils" "^0.6.4"
    core-js "^2.5.7"
    omggif "^1.0.9"

"@jimp/jpeg@^0.6.4":
  version "0.6.4"
  resolved "https://registry.npm.taobao.org/@jimp/jpeg/download/@jimp/jpeg-0.6.4.tgz#613e040514b1876a802f7943399be2b304bdb461"
  integrity sha1-YT4EBRSxh2qAL3lDOZviswS9tGE=
  dependencies:
    "@jimp/utils" "^0.6.4"
    core-js "^2.5.7"
    jpeg-js "^0.3.4"

"@jimp/plugin-blit@^0.6.4":
  version "0.6.4"
  resolved "https://registry.npm.taobao.org/@jimp/plugin-blit/download/@jimp/plugin-blit-0.6.4.tgz#f8d7b2fa635fbef79d11f7476ff40e8aed00c026"
  integrity sha1-+Ney+mNfvvedEfdHb/QOiu0AwCY=
  dependencies:
    "@jimp/utils" "^0.6.4"
    core-js "^2.5.7"

"@jimp/plugin-blur@^0.6.4":
  version "0.6.4"
  resolved "https://registry.npm.taobao.org/@jimp/plugin-blur/download/@jimp/plugin-blur-0.6.4.tgz#dd5d64454cae865ea8e4c6133b75708e93f31d89"
  integrity sha1-3V1kRUyuhl6o5MYTO3VwjpPzHYk=
  dependencies:
    "@jimp/utils" "^0.6.4"
    core-js "^2.5.7"

"@jimp/plugin-color@^0.6.4":
  version "0.6.4"
  resolved "https://registry.npm.taobao.org/@jimp/plugin-color/download/@jimp/plugin-color-0.6.4.tgz#d5ce139a0e665437ef9d5df7642be66f33735645"
  integrity sha1-1c4Tmg5mVDfvnV33ZCvmbzNzVkU=
  dependencies:
    "@jimp/utils" "^0.6.4"
    core-js "^2.5.7"
    tinycolor2 "^1.4.1"

"@jimp/plugin-contain@^0.6.4":
  version "0.6.4"
  resolved "https://registry.npm.taobao.org/@jimp/plugin-contain/download/@jimp/plugin-contain-0.6.4.tgz#ee2cc03a066cc1ec9dcb2a5c6cdbbfb80af42d05"
  integrity sha1-7izAOgZsweydyypcbNu/uAr0LQU=
  dependencies:
    "@jimp/utils" "^0.6.4"
    core-js "^2.5.7"

"@jimp/plugin-cover@^0.6.4":
  version "0.6.4"
  resolved "https://registry.npm.taobao.org/@jimp/plugin-cover/download/@jimp/plugin-cover-0.6.4.tgz#1d341438552ffc673c2e8b68b4419b9aaf844657"
  integrity sha1-HTQUOFUv/Gc8LototEGbmq+ERlc=
  dependencies:
    "@jimp/utils" "^0.6.4"
    core-js "^2.5.7"

"@jimp/plugin-crop@^0.6.4":
  version "0.6.4"
  resolved "https://registry.npm.taobao.org/@jimp/plugin-crop/download/@jimp/plugin-crop-0.6.4.tgz#3447611790703cd7d51a0127b2cf77906711f9ec"
  integrity sha1-NEdhF5BwPNfVGgEnss93kGcR+ew=
  dependencies:
    "@jimp/utils" "^0.6.4"
    core-js "^2.5.7"

"@jimp/plugin-displace@^0.6.4":
  version "0.6.4"
  resolved "https://registry.npm.taobao.org/@jimp/plugin-displace/download/@jimp/plugin-displace-0.6.4.tgz#7d641e402aade5d13d8eea93dc94fac39027da97"
  integrity sha1-fWQeQCqt5dE9juqT3JT6w5An2pc=
  dependencies:
    "@jimp/utils" "^0.6.4"
    core-js "^2.5.7"

"@jimp/plugin-dither@^0.6.4":
  version "0.6.4"
  resolved "https://registry.npm.taobao.org/@jimp/plugin-dither/download/@jimp/plugin-dither-0.6.4.tgz#3feea3cd3ef59f951759c9ac0bafdd4abee50d7b"
  integrity sha1-P+6jzT71n5UXWcmsC6/dSr7lDXs=
  dependencies:
    "@jimp/utils" "^0.6.4"
    core-js "^2.5.7"

"@jimp/plugin-flip@^0.6.4":
  version "0.6.4"
  resolved "https://registry.npm.taobao.org/@jimp/plugin-flip/download/@jimp/plugin-flip-0.6.4.tgz#3ac31f01a4e1dc07caa9ff8c6a34097fb719de19"
  integrity sha1-OsMfAaTh3AfKqf+MajQJf7cZ3hk=
  dependencies:
    "@jimp/utils" "^0.6.4"
    core-js "^2.5.7"

"@jimp/plugin-gaussian@^0.6.4":
  version "0.6.4"
  resolved "https://registry.npm.taobao.org/@jimp/plugin-gaussian/download/@jimp/plugin-gaussian-0.6.4.tgz#17d51465dc973cb97ce8d433f2c0c565070377a9"
  integrity sha1-F9UUZdyXPLl86NQz8sDFZQcDd6k=
  dependencies:
    "@jimp/utils" "^0.6.4"
    core-js "^2.5.7"

"@jimp/plugin-invert@^0.6.4":
  version "0.6.4"
  resolved "https://registry.npm.taobao.org/@jimp/plugin-invert/download/@jimp/plugin-invert-0.6.4.tgz#38c8a6fa5d62f0c2a097041d09595decb10f7d36"
  integrity sha1-OMim+l1i8MKglwQdCVld7LEPfTY=
  dependencies:
    "@jimp/utils" "^0.6.4"
    core-js "^2.5.7"

"@jimp/plugin-mask@^0.6.4":
  version "0.6.4"
  resolved "https://registry.npm.taobao.org/@jimp/plugin-mask/download/@jimp/plugin-mask-0.6.4.tgz#47bb907a70c457f51439f96e2dc0fa73dd2b8ea2"
  integrity sha1-R7uQenDEV/UUOfluLcD6c90rjqI=
  dependencies:
    "@jimp/utils" "^0.6.4"
    core-js "^2.5.7"

"@jimp/plugin-normalize@^0.6.4":
  version "0.6.4"
  resolved "https://registry.npm.taobao.org/@jimp/plugin-normalize/download/@jimp/plugin-normalize-0.6.4.tgz#6f49eb866b605c947c05fd9ca6ea3934f57137e4"
  integrity sha1-b0nrhmtgXJR8Bf2cpuo5NPVxN+Q=
  dependencies:
    "@jimp/utils" "^0.6.4"
    core-js "^2.5.7"

"@jimp/plugin-print@^0.6.4":
  version "0.6.4"
  resolved "https://registry.npm.taobao.org/@jimp/plugin-print/download/@jimp/plugin-print-0.6.4.tgz#6642e2a5dea7fa6fb70c8655f82a770ae0faa0d9"
  integrity sha1-ZkLipd6n+m+3DIZV+Cp3CuD6oNk=
  dependencies:
    "@jimp/utils" "^0.6.4"
    core-js "^2.5.7"
    load-bmfont "^1.4.0"

"@jimp/plugin-resize@^0.6.4":
  version "0.6.4"
  resolved "https://registry.npm.taobao.org/@jimp/plugin-resize/download/@jimp/plugin-resize-0.6.4.tgz#cf6b253b4f40a6f9678509b391bf5a8d261951c8"
  integrity sha1-z2slO09ApvlnhQmzkb9ajSYZUcg=
  dependencies:
    "@jimp/utils" "^0.6.4"
    core-js "^2.5.7"

"@jimp/plugin-rotate@^0.6.4":
  version "0.6.4"
  resolved "https://registry.npm.taobao.org/@jimp/plugin-rotate/download/@jimp/plugin-rotate-0.6.4.tgz#3075538a8f644d78d07ea3f126ee3c85a37302bc"
  integrity sha1-MHVTio9kTXjQfqPxJu48haNzArw=
  dependencies:
    "@jimp/utils" "^0.6.4"
    core-js "^2.5.7"

"@jimp/plugin-scale@^0.6.4":
  version "0.6.4"
  resolved "https://registry.npm.taobao.org/@jimp/plugin-scale/download/@jimp/plugin-scale-0.6.4.tgz#062305d129ab80d0e49df021ab96202b0594a3dc"
  integrity sha1-BiMF0SmrgNDknfAhq5YgKwWUo9w=
  dependencies:
    "@jimp/utils" "^0.6.4"
    core-js "^2.5.7"

"@jimp/plugins@^0.6.4":
  version "0.6.4"
  resolved "https://registry.npm.taobao.org/@jimp/plugins/download/@jimp/plugins-0.6.4.tgz#341eeadab17ab1a1bac99b788acf2a43369f119d"
  integrity sha1-NB7q2rF6saG6yZt4is8qQzafEZ0=
  dependencies:
    "@jimp/plugin-blit" "^0.6.4"
    "@jimp/plugin-blur" "^0.6.4"
    "@jimp/plugin-color" "^0.6.4"
    "@jimp/plugin-contain" "^0.6.4"
    "@jimp/plugin-cover" "^0.6.4"
    "@jimp/plugin-crop" "^0.6.4"
    "@jimp/plugin-displace" "^0.6.4"
    "@jimp/plugin-dither" "^0.6.4"
    "@jimp/plugin-flip" "^0.6.4"
    "@jimp/plugin-gaussian" "^0.6.4"
    "@jimp/plugin-invert" "^0.6.4"
    "@jimp/plugin-mask" "^0.6.4"
    "@jimp/plugin-normalize" "^0.6.4"
    "@jimp/plugin-print" "^0.6.4"
    "@jimp/plugin-resize" "^0.6.4"
    "@jimp/plugin-rotate" "^0.6.4"
    "@jimp/plugin-scale" "^0.6.4"
    core-js "^2.5.7"
    timm "^1.6.1"

"@jimp/png@^0.6.4":
  version "0.6.4"
  resolved "https://registry.npm.taobao.org/@jimp/png/download/@jimp/png-0.6.4.tgz#2a74b14d1c968d1f09e684803d6e170950728b55"
  integrity sha1-KnSxTRyWjR8J5oSAPW4XCVByi1U=
  dependencies:
    "@jimp/utils" "^0.6.4"
    core-js "^2.5.7"
    pngjs "^3.3.3"

"@jimp/tiff@^0.6.4":
  version "0.6.4"
  resolved "https://registry.npm.taobao.org/@jimp/tiff/download/@jimp/tiff-0.6.4.tgz#c999751b977f01817d785327732ed4e40a4ecc9a"
  integrity sha1-yZl1G5d/AYF9eFMncy7U5ApOzJo=
  dependencies:
    core-js "^2.5.7"
    utif "^2.0.1"

"@jimp/types@^0.6.4":
  version "0.6.4"
  resolved "https://registry.npm.taobao.org/@jimp/types/download/@jimp/types-0.6.4.tgz#242fce9a914875e0b48b6ebac2ab55e95714cdf8"
  integrity sha1-JC/OmpFIdeC0i266wqtV6VcUzfg=
  dependencies:
    "@jimp/bmp" "^0.6.4"
    "@jimp/gif" "^0.6.4"
    "@jimp/jpeg" "^0.6.4"
    "@jimp/png" "^0.6.4"
    "@jimp/tiff" "^0.6.4"
    core-js "^2.5.7"
    timm "^1.6.1"

"@jimp/utils@^0.6.4":
  version "0.6.4"
  resolved "https://registry.npm.taobao.org/@jimp/utils/download/@jimp/utils-0.6.4.tgz#4a17103829c8487384539f1c2b1db257bbd30c0b"
  integrity sha1-ShcQOCnISHOEU58cKx2yV7vTDAs=
  dependencies:
    core-js "^2.5.7"

accepts@~1.3.4, accepts@~1.3.8:
  version "1.3.8"
  resolved "https://registry.yarnpkg.com/accepts/-/accepts-1.3.8.tgz#0bf0be125b67014adcb0b0921e62db7bffe16b2e"
  integrity sha512-PYAthTa2m2VKxuvSD3DPC/Gy+U+sOA1LAuT8mkmRuvw+NACSaeXEQ+NHcVF7rONl6qcaxV3Uuemwawk+7+SJLw==
  dependencies:
    mime-types "~2.1.34"
    negotiator "0.6.3"

after@0.8.2:
  version "0.8.2"
  resolved "https://registry.npm.taobao.org/after/download/after-0.8.2.tgz#fedb394f9f0e02aa9768e702bda23b505fae7e1f"
  integrity sha1-/ts5T58OAqqXaOcCvaI7UF+ufh8=

any-base@^1.1.0:
  version "1.1.0"
  resolved "https://registry.npm.taobao.org/any-base/download/any-base-1.1.0.tgz#ae101a62bc08a597b4c9ab5b7089d456630549fe"
  integrity sha1-rhAaYrwIpZe0yatbcInUVmMFSf4=

array-flatten@1.1.1:
  version "1.1.1"
  resolved "https://registry.npm.taobao.org/array-flatten/download/array-flatten-1.1.1.tgz#9a5f699051b1e7073328f2a008968b64ea2955d2"
  integrity sha1-ml9pkFGx5wczKPKgCJaLZOopVdI=

arraybuffer.slice@~0.0.7:
  version "0.0.7"
  resolved "https://registry.npm.taobao.org/arraybuffer.slice/download/arraybuffer.slice-0.0.7.tgz#3bbc4275dd584cc1b10809b89d4e8b63a69e7675"
  integrity sha1-O7xCdd1YTMGxCAm4nU6LY6aednU=

async-limiter@~1.0.0:
  version "1.0.0"
  resolved "https://registry.npm.taobao.org/async-limiter/download/async-limiter-1.0.0.tgz#78faed8c3d074ab81f22b4e985d79e8738f720f8"
  integrity sha1-ePrtjD0HSrgfIrTphdeehzj3IPg=

backo2@1.0.2:
  version "1.0.2"
  resolved "https://registry.npm.taobao.org/backo2/download/backo2-1.0.2.tgz#31ab1ac8b129363463e35b3ebb69f4dfcfba7947"
  integrity sha1-MasayLEpNjRj41s+u2n038+6eUc=

base64-arraybuffer@0.1.5:
  version "0.1.5"
  resolved "https://registry.npm.taobao.org/base64-arraybuffer/download/base64-arraybuffer-0.1.5.tgz#73926771923b5a19747ad666aa5cd4bf9c6e9ce8"
  integrity sha1-c5JncZI7Whl0etZmqlzUv5xunOg=

base64-js@^1.0.2:
  version "1.3.0"
  resolved "https://registry.npm.taobao.org/base64-js/download/base64-js-1.3.0.tgz#cab1e6118f051095e58b5281aea8c1cd22bfc0e3"
  integrity sha1-yrHmEY8FEJXli1KBrqjBzSK/wOM=

base64id@1.0.0:
  version "1.0.0"
  resolved "https://registry.npm.taobao.org/base64id/download/base64id-1.0.0.tgz#47688cb99bb6804f0e06d3e763b1c32e57d8e6b6"
  integrity sha1-R2iMuZu2gE8OBtPnY7HDLlfY5rY=

better-assert@~1.0.0:
  version "1.0.2"
  resolved "https://registry.npm.taobao.org/better-assert/download/better-assert-1.0.2.tgz#40866b9e1b9e0b55b481894311e68faffaebc522"
  integrity sha1-QIZrnhueC1W0gYlDEeaPr/rrxSI=
  dependencies:
    callsite "1.0.0"

blob@0.0.5:
  version "0.0.5"
  resolved "https://registry.npm.taobao.org/blob/download/blob-0.0.5.tgz#d680eeef25f8cd91ad533f5b01eed48e64caf683"
  integrity sha1-1oDu7yX4zZGtUz9bAe7UjmTK9oM=

bmp-js@^0.1.0:
  version "0.1.0"
  resolved "https://registry.npm.taobao.org/bmp-js/download/bmp-js-0.1.0.tgz#e05a63f796a6c1ff25f4771ec7adadc148c07233"
  integrity sha1-4Fpj95amwf8l9Hcex62twUjAcjM=

body-parser@1.19.2:
  version "1.19.2"
  resolved "https://registry.yarnpkg.com/body-parser/-/body-parser-1.19.2.tgz#4714ccd9c157d44797b8b5607d72c0b89952f26e"
  integrity sha512-SAAwOxgoCKMGs9uUAUFHygfLAyaniaoun6I8mFY9pRAJL9+Kec34aU+oIjDhTycub1jozEfEwx1W1IuOYxVSFw==
  dependencies:
    bytes "3.1.2"
    content-type "~1.0.4"
    debug "2.6.9"
    depd "~1.1.2"
    http-errors "1.8.1"
    iconv-lite "0.4.24"
    on-finished "~2.3.0"
    qs "6.9.7"
    raw-body "2.4.3"
    type-is "~1.6.18"

buffer-equal@0.0.1:
  version "0.0.1"
  resolved "https://registry.npm.taobao.org/buffer-equal/download/buffer-equal-0.0.1.tgz#91bc74b11ea405bc916bc6aa908faafa5b4aac4b"
  integrity sha1-kbx0sR6kBbyRa8aqkI+q+ltKrEs=

buffer@^5.2.0:
  version "5.2.1"
  resolved "https://registry.npm.taobao.org/buffer/download/buffer-5.2.1.tgz?cache=0&other_urls=https%3A%2F%2Fregistry.npm.taobao.org%2Fbuffer%2Fdownload%2Fbuffer-5.2.1.tgz#dd57fa0f109ac59c602479044dca7b8b3d0b71d6"
  integrity sha1-3Vf6DxCaxZxgJHkETcp7iz0LcdY=
  dependencies:
    base64-js "^1.0.2"
    ieee754 "^1.1.4"

bytes@3.1.2:
  version "3.1.2"
  resolved "https://registry.yarnpkg.com/bytes/-/bytes-3.1.2.tgz#8b0beeb98605adf1b128fa4386403c009e0221a5"
  integrity sha512-/Nf7TyzTx6S3yRJObOAV7956r8cr2+Oj8AC5dt8wSP3BQAoeX58NoHyCU8P8zGkNXStjTSi6fzO6F0pBdcYbEg==

callsite@1.0.0:
  version "1.0.0"
  resolved "https://registry.npm.taobao.org/callsite/download/callsite-1.0.0.tgz#280398e5d664bd74038b6f0905153e6e8af1bc20"
  integrity sha1-KAOY5dZkvXQDi28JBRU+borxvCA=

component-bind@1.0.0:
  version "1.0.0"
  resolved "https://registry.npm.taobao.org/component-bind/download/component-bind-1.0.0.tgz#00c608ab7dcd93897c0009651b1d3a8e1e73bbd1"
  integrity sha1-AMYIq33Nk4l8AAllGx06jh5zu9E=

component-emitter@1.2.1:
  version "1.2.1"
  resolved "https://registry.npm.taobao.org/component-emitter/download/component-emitter-1.2.1.tgz#137918d6d78283f7df7a6b7c5a63e140e69425e6"
  integrity sha1-E3kY1teCg/ffemt8WmPhQOaUJeY=

component-inherit@0.0.3:
  version "0.0.3"
  resolved "https://registry.npm.taobao.org/component-inherit/download/component-inherit-0.0.3.tgz#645fc4adf58b72b649d5cae65135619db26ff143"
  integrity sha1-ZF/ErfWLcrZJ1crmUTVhnbJv8UM=

content-disposition@0.5.4:
  version "0.5.4"
  resolved "https://registry.yarnpkg.com/content-disposition/-/content-disposition-0.5.4.tgz#8b82b4efac82512a02bb0b1dcec9d2c5e8eb5bfe"
  integrity sha512-FveZTNuGw04cxlAiWbzi6zTAL/lhehaWbTtgluJh4/E95DqMwTmha3KZN1aAWA8cFIhHzMZUvLevkw5Rqk+tSQ==
  dependencies:
    safe-buffer "5.2.1"

content-type@~1.0.4:
  version "1.0.4"
  resolved "https://registry.npm.taobao.org/content-type/download/content-type-1.0.4.tgz#e138cc75e040c727b1966fe5e5f8c9aee256fe3b"
  integrity sha1-4TjMdeBAxyexlm/l5fjJruJW/js=

cookie-signature@1.0.6:
  version "1.0.6"
  resolved "https://registry.npm.taobao.org/cookie-signature/download/cookie-signature-1.0.6.tgz#e303a882b342cc3ee8ca513a79999734dab3ae2c"
  integrity sha1-4wOogrNCzD7oylE6eZmXNNqzriw=

cookie@0.3.1:
  version "0.3.1"
  resolved "https://registry.npm.taobao.org/cookie/download/cookie-0.3.1.tgz#e7e0a1f9ef43b4c8ba925c5c5a96e806d16873bb"
  integrity sha1-5+Ch+e9DtMi6klxcWpboBtFoc7s=

cookie@0.4.2:
  version "0.4.2"
  resolved "https://registry.yarnpkg.com/cookie/-/cookie-0.4.2.tgz#0e41f24de5ecf317947c82fc789e06a884824432"
  integrity sha512-aSWTXFzaKWkvHO1Ny/s+ePFpvKsPnjc551iI41v3ny/ow6tBG5Vd+FuqGNhh1LxOmVzOlGUriIlOaokOvhaStA==

core-js@^2.5.7, core-js@^2.6.5:
  version "2.6.5"
  resolved "https://registry.npm.taobao.org/core-js/download/core-js-2.6.5.tgz#44bc8d249e7fb2ff5d00e0341a7ffb94fbf67895"
  integrity sha1-RLyNJJ5/sv9dAOA0Gn/7lPv2eJU=

cors@^2.8.5:
  version "2.8.5"
  resolved "https://registry.npm.taobao.org/cors/download/cors-2.8.5.tgz#eac11da51592dd86b9f06f6e7ac293b3df875d29"
  integrity sha1-6sEdpRWS3Ya58G9uesKTs9+HXSk=
  dependencies:
    object-assign "^4"
    vary "^1"

debug@2.6.9:
  version "2.6.9"
  resolved "https://registry.npm.taobao.org/debug/download/debug-2.6.9.tgz#5d128515df134ff327e90a4c93f4e077a536341f"
  integrity sha1-XRKFFd8TT/Mn6QpMk/Tgd6U2NB8=
  dependencies:
    ms "2.0.0"

debug@~3.1.0:
  version "3.1.0"
  resolved "https://registry.npm.taobao.org/debug/download/debug-3.1.0.tgz#5bb5a0672628b64149566ba16819e61518c67261"
  integrity sha1-W7WgZyYotkFJVmuhaBnmFRjGcmE=
  dependencies:
    ms "2.0.0"

debug@~4.1.0:
  version "4.1.1"
  resolved "https://registry.npm.taobao.org/debug/download/debug-4.1.1.tgz#3b72260255109c6b589cee050f1d516139664791"
  integrity sha1-O3ImAlUQnGtYnO4FDx1RYTlmR5E=
  dependencies:
    ms "^2.1.1"

define-properties@^1.1.2:
  version "1.1.3"
  resolved "https://registry.npm.taobao.org/define-properties/download/define-properties-1.1.3.tgz#cf88da6cbee26fe6db7094f61d870cbd84cee9f1"
  integrity sha1-z4jabL7ib+bbcJT2HYcMvYTO6fE=
  dependencies:
    object-keys "^1.0.12"

depd@~1.1.2:
  version "1.1.2"
  resolved "https://registry.npm.taobao.org/depd/download/depd-1.1.2.tgz#9bcd52e14c097763e749b274c4346ed2e560b5a9"
  integrity sha1-m81S4UwJd2PnSbJ0xDRu0uVgtak=

destroy@~1.0.4:
  version "1.0.4"
  resolved "https://registry.npm.taobao.org/destroy/download/destroy-1.0.4.tgz#978857442c44749e4206613e37946205826abd80"
  integrity sha1-l4hXRCxEdJ5CBmE+N5RiBYJqvYA=

dom-walk@^0.1.0:
  version "0.1.1"
  resolved "https://registry.npm.taobao.org/dom-walk/download/dom-walk-0.1.1.tgz#672226dc74c8f799ad35307df936aba11acd6018"
  integrity sha1-ZyIm3HTI95mtNTB9+TaroRrNYBg=

ee-first@1.1.1:
  version "1.1.1"
  resolved "https://registry.npm.taobao.org/ee-first/download/ee-first-1.1.1.tgz#590c61156b0ae2f4f0255732a158b266bc56b21d"
  integrity sha1-WQxhFWsK4vTwJVcyoViyZrxWsh0=

encodeurl@~1.0.2:
  version "1.0.2"
  resolved "https://registry.npm.taobao.org/encodeurl/download/encodeurl-1.0.2.tgz#ad3ff4c86ec2d029322f5a02c3a9a606c95b3f59"
  integrity sha1-rT/0yG7C0CkyL1oCw6mmBslbP1k=

engine.io-client@~3.3.1:
  version "3.3.2"
  resolved "https://registry.npm.taobao.org/engine.io-client/download/engine.io-client-3.3.2.tgz#04e068798d75beda14375a264bb3d742d7bc33aa"
  integrity sha1-BOBoeY11vtoUN1omS7PXQte8M6o=
  dependencies:
    component-emitter "1.2.1"
    component-inherit "0.0.3"
    debug "~3.1.0"
    engine.io-parser "~2.1.1"
    has-cors "1.1.0"
    indexof "0.0.1"
    parseqs "0.0.5"
    parseuri "0.0.5"
    ws "~6.1.0"
    xmlhttprequest-ssl "~1.5.4"
    yeast "0.1.2"

engine.io-parser@~2.1.0, engine.io-parser@~2.1.1:
  version "2.1.3"
  resolved "https://registry.npm.taobao.org/engine.io-parser/download/engine.io-parser-2.1.3.tgz#757ab970fbf2dfb32c7b74b033216d5739ef79a6"
  integrity sha1-dXq5cPvy37Mse3SwMyFtVznveaY=
  dependencies:
    after "0.8.2"
    arraybuffer.slice "~0.0.7"
    base64-arraybuffer "0.1.5"
    blob "0.0.5"
    has-binary2 "~1.0.2"

engine.io@~3.3.1:
  version "3.3.2"
  resolved "https://registry.npm.taobao.org/engine.io/download/engine.io-3.3.2.tgz#18cbc8b6f36e9461c5c0f81df2b830de16058a59"
  integrity sha1-GMvItvNulGHFwPgd8rgw3hYFilk=
  dependencies:
    accepts "~1.3.4"
    base64id "1.0.0"
    cookie "0.3.1"
    debug "~3.1.0"
    engine.io-parser "~2.1.0"
    ws "~6.1.0"

es-abstract@^1.5.0:
  version "1.13.0"
  resolved "https://registry.npm.taobao.org/es-abstract/download/es-abstract-1.13.0.tgz#ac86145fdd5099d8dd49558ccba2eaf9b88e24e9"
  integrity sha1-rIYUX91QmdjdSVWMy6Lq+biOJOk=
  dependencies:
    es-to-primitive "^1.2.0"
    function-bind "^1.1.1"
    has "^1.0.3"
    is-callable "^1.1.4"
    is-regex "^1.0.4"
    object-keys "^1.0.12"

es-to-primitive@^1.2.0:
  version "1.2.0"
  resolved "https://registry.npm.taobao.org/es-to-primitive/download/es-to-primitive-1.2.0.tgz#edf72478033456e8dda8ef09e00ad9650707f377"
  integrity sha1-7fckeAM0VujdqO8J4ArZZQcH83c=
  dependencies:
    is-callable "^1.1.4"
    is-date-object "^1.0.1"
    is-symbol "^1.0.2"

escape-html@~1.0.3:
  version "1.0.3"
  resolved "https://registry.npm.taobao.org/escape-html/download/escape-html-1.0.3.tgz#0258eae4d3d0c0974de1c169188ef0051d1d1988"
  integrity sha1-Aljq5NPQwJdN4cFpGI7wBR0dGYg=

etag@~1.8.1:
  version "1.8.1"
  resolved "https://registry.npm.taobao.org/etag/download/etag-1.8.1.tgz#41ae2eeb65efa62268aebfea83ac7d79299b0887"
  integrity sha1-Qa4u62XvpiJorr/qg6x9eSmbCIc=

exif-parser@^0.1.12:
  version "0.1.12"
  resolved "https://registry.npm.taobao.org/exif-parser/download/exif-parser-0.1.12.tgz#58a9d2d72c02c1f6f02a0ef4a9166272b7760922"
  integrity sha1-WKnS1ywCwfbwKg70qRZicrd2CSI=

express@^4.17.3:
  version "4.17.3"
  resolved "https://registry.yarnpkg.com/express/-/express-4.17.3.tgz#f6c7302194a4fb54271b73a1fe7a06478c8f85a1"
  integrity sha512-yuSQpz5I+Ch7gFrPCk4/c+dIBKlQUxtgwqzph132bsT6qhuzss6I8cLJQz7B3rFblzd6wtcI0ZbGltH/C4LjUg==
  dependencies:
    accepts "~1.3.8"
    array-flatten "1.1.1"
    body-parser "1.19.2"
    content-disposition "0.5.4"
    content-type "~1.0.4"
    cookie "0.4.2"
    cookie-signature "1.0.6"
    debug "2.6.9"
    depd "~1.1.2"
    encodeurl "~1.0.2"
    escape-html "~1.0.3"
    etag "~1.8.1"
    finalhandler "~1.1.2"
    fresh "0.5.2"
    merge-descriptors "1.0.1"
    methods "~1.1.2"
    on-finished "~2.3.0"
    parseurl "~1.3.3"
    path-to-regexp "0.1.7"
    proxy-addr "~2.0.7"
    qs "6.9.7"
    range-parser "~1.2.1"
    safe-buffer "5.2.1"
    send "0.17.2"
    serve-static "1.14.2"
    setprototypeof "1.2.0"
    statuses "~1.5.0"
    type-is "~1.6.18"
    utils-merge "1.0.1"
    vary "~1.1.2"

file-type@^9.0.0:
  version "9.0.0"
  resolved "https://registry.npm.taobao.org/file-type/download/file-type-9.0.0.tgz#a68d5ad07f486414dfb2c8866f73161946714a18"
  integrity sha1-po1a0H9IZBTfssiGb3MWGUZxShg=

finalhandler@~1.1.2:
  version "1.1.2"
  resolved "https://registry.yarnpkg.com/finalhandler/-/finalhandler-1.1.2.tgz#b7e7d000ffd11938d0fdb053506f6ebabe9f587d"
  integrity sha512-aAWcW57uxVNrQZqFXjITpW3sIUQmHGG3qSb9mUah9MgMC4NeWhNOlNjXEYq3HjRAvL6arUviZGGJsBg6z0zsWA==
  dependencies:
    debug "2.6.9"
    encodeurl "~1.0.2"
    escape-html "~1.0.3"
    on-finished "~2.3.0"
    parseurl "~1.3.3"
    statuses "~1.5.0"
    unpipe "~1.0.0"

for-each@^0.3.3:
  version "0.3.3"
  resolved "https://registry.npm.taobao.org/for-each/download/for-each-0.3.3.tgz#69b447e88a0a5d32c3e7084f3f1710034b21376e"
  integrity sha1-abRH6IoKXTLD5whPPxcQA0shN24=
  dependencies:
    is-callable "^1.1.3"

forwarded@0.2.0:
  version "0.2.0"
  resolved "https://registry.yarnpkg.com/forwarded/-/forwarded-0.2.0.tgz#2269936428aad4c15c7ebe9779a84bf0b2a81811"
  integrity sha512-buRG0fpBtRHSTCOASe6hD258tEubFoRLb4ZNA6NxMVHNw2gOcwHo9wyablzMzOA5z9xA9L1KNjk/Nt6MT9aYow==

fresh@0.5.2:
  version "0.5.2"
  resolved "https://registry.npm.taobao.org/fresh/download/fresh-0.5.2.tgz#3d8cadd90d976569fa835ab1f8e4b23a105605a7"
  integrity sha1-PYyt2Q2XZWn6g1qx+OSyOhBWBac=

function-bind@^1.0.2, function-bind@^1.1.1:
  version "1.1.1"
  resolved "https://registry.npm.taobao.org/function-bind/download/function-bind-1.1.1.tgz#a56899d3ea3c9bab874bb9773b7c5ede92f4895d"
  integrity sha1-pWiZ0+o8m6uHS7l3O3xe3pL0iV0=

global@~4.3.0:
  version "4.3.2"
  resolved "https://registry.npm.taobao.org/global/download/global-4.3.2.tgz#e76989268a6c74c38908b1305b10fc0e394e9d0f"
  integrity sha1-52mJJopsdMOJCLEwWxD8DjlOnQ8=
  dependencies:
    min-document "^2.19.0"
    process "~0.5.1"

has-binary2@~1.0.2:
  version "1.0.3"
  resolved "https://registry.npm.taobao.org/has-binary2/download/has-binary2-1.0.3.tgz#7776ac627f3ea77250cfc332dab7ddf5e4f5d11d"
  integrity sha1-d3asYn8+p3JQz8My2rfd9eT10R0=
  dependencies:
    isarray "2.0.1"

has-cors@1.1.0:
  version "1.1.0"
  resolved "https://registry.npm.taobao.org/has-cors/download/has-cors-1.1.0.tgz#5e474793f7ea9843d1bb99c23eef49ff126fff39"
  integrity sha1-XkdHk/fqmEPRu5nCPu9J/xJv/zk=

has-symbols@^1.0.0:
  version "1.0.0"
  resolved "https://registry.npm.taobao.org/has-symbols/download/has-symbols-1.0.0.tgz#ba1a8f1af2a0fc39650f5c850367704122063b44"
  integrity sha1-uhqPGvKg/DllD1yFA2dwQSIGO0Q=

has@^1.0.1, has@^1.0.3:
  version "1.0.3"
  resolved "https://registry.npm.taobao.org/has/download/has-1.0.3.tgz#722d7cbfc1f6aa8241f16dd814e011e1f41e8796"
  integrity sha1-ci18v8H2qoJB8W3YFOAR4fQeh5Y=
  dependencies:
    function-bind "^1.1.1"

http-errors@1.8.1:
  version "1.8.1"
  resolved "https://registry.yarnpkg.com/http-errors/-/http-errors-1.8.1.tgz#7c3f28577cbc8a207388455dbd62295ed07bd68c"
  integrity sha512-Kpk9Sm7NmI+RHhnj6OIWDI1d6fIoFAtFt9RLaTMRlg/8w49juAStsrBgp0Dp4OdxdVbRIeKhtCUvoi/RuAhO4g==
  dependencies:
    depd "~1.1.2"
    inherits "2.0.4"
    setprototypeof "1.2.0"
    statuses ">= 1.5.0 < 2"
    toidentifier "1.0.1"

iconv-lite@0.4.24:
  version "0.4.24"
  resolved "https://registry.yarnpkg.com/iconv-lite/-/iconv-lite-0.4.24.tgz#2022b4b25fbddc21d2f524974a474aafe733908b"
  integrity sha512-v3MXnZAcvnywkTUEZomIActle7RXXeedOR31wwl7VlyoXO4Qi9arvSenNQWne1TcRwhCL1HwLI21bEqdpj8/rA==
  dependencies:
    safer-buffer ">= 2.1.2 < 3"

ieee754@^1.1.4:
  version "1.1.13"
  resolved "https://registry.npm.taobao.org/ieee754/download/ieee754-1.1.13.tgz#ec168558e95aa181fd87d37f55c32bbcb6708b84"
  integrity sha1-7BaFWOlaoYH9h9N/VcMrvLZwi4Q=

indexof@0.0.1:
  version "0.0.1"
  resolved "https://registry.npm.taobao.org/indexof/download/indexof-0.0.1.tgz#82dc336d232b9062179d05ab3293a66059fd435d"
  integrity sha1-gtwzbSMrkGIXnQWrMpOmYFn9Q10=

inherits@2.0.4:
  version "2.0.4"
  resolved "https://registry.yarnpkg.com/inherits/-/inherits-2.0.4.tgz#0fa2c64f932917c3433a0ded55363aae37416b7c"
  integrity sha512-k/vGaX4/Yla3WzyMCvTQOXYeIHvqOKtnqBduzTHpzpQZzAskKMhZ2K+EnBiSM9zGSoIFeMpXKxa4dYeZIQqewQ==

ipaddr.js@1.9.1:
  version "1.9.1"
  resolved "https://registry.yarnpkg.com/ipaddr.js/-/ipaddr.js-1.9.1.tgz#bff38543eeb8984825079ff3a2a8e6cbd46781b3"
  integrity sha512-0KI/607xoxSToH7GjN1FfSbLoU0+btTicjsQSWQlh/hZykN8KpmMf7uYwPW3R+akZ6R/w18ZlXSHBYXiYUPO3g==

is-callable@^1.1.3, is-callable@^1.1.4:
  version "1.1.4"
  resolved "https://registry.npm.taobao.org/is-callable/download/is-callable-1.1.4.tgz#1e1adf219e1eeb684d691f9d6a05ff0d30a24d75"
  integrity sha1-HhrfIZ4e62hNaR+dagX/DTCiTXU=

is-date-object@^1.0.1:
  version "1.0.1"
  resolved "https://registry.npm.taobao.org/is-date-object/download/is-date-object-1.0.1.tgz#9aa20eb6aeebbff77fbd33e74ca01b33581d3a16"
  integrity sha1-mqIOtq7rv/d/vTPnTKAbM1gdOhY=

is-function@^1.0.1:
  version "1.0.1"
  resolved "https://registry.npm.taobao.org/is-function/download/is-function-1.0.1.tgz#12cfb98b65b57dd3d193a3121f5f6e2f437602b5"
  integrity sha1-Es+5i2W1fdPRk6MSH19uL0N2ArU=

is-regex@^1.0.4:
  version "1.0.4"
  resolved "https://registry.npm.taobao.org/is-regex/download/is-regex-1.0.4.tgz#5517489b547091b0930e095654ced25ee97e9491"
  integrity sha1-VRdIm1RwkbCTDglWVM7SXul+lJE=
  dependencies:
    has "^1.0.1"

is-symbol@^1.0.2:
  version "1.0.2"
  resolved "https://registry.npm.taobao.org/is-symbol/download/is-symbol-1.0.2.tgz#a055f6ae57192caee329e7a860118b497a950f38"
  integrity sha1-oFX2rlcZLK7jKeeoYBGLSXqVDzg=
  dependencies:
    has-symbols "^1.0.0"

isarray@2.0.1:
  version "2.0.1"
  resolved "https://registry.npm.taobao.org/isarray/download/isarray-2.0.1.tgz#a37d94ed9cda2d59865c9f76fe596ee1f338741e"
  integrity sha1-o32U7ZzaLVmGXJ92/llu4fM4dB4=

jimp@^0.6.4:
  version "0.6.4"
  resolved "https://registry.npm.taobao.org/jimp/download/jimp-0.6.4.tgz#266c5777752a6edb4227792ef288198a1e99102f"
  integrity sha1-JmxXd3UqbttCJ3ku8ogZih6ZEC8=
  dependencies:
    "@babel/polyfill" "^7.0.0"
    "@jimp/custom" "^0.6.4"
    "@jimp/plugins" "^0.6.4"
    "@jimp/types" "^0.6.4"
    core-js "^2.5.7"

jpeg-js@^0.3.4:
  version "0.3.5"
  resolved "https://registry.npm.taobao.org/jpeg-js/download/jpeg-js-0.3.5.tgz#6fbd6cd0e49627c5a0341796c9e50c70a2aa3673"
  integrity sha1-b71s0OSWJ8WgNBeWyeUMcKKqNnM=

load-bmfont@^1.3.1, load-bmfont@^1.4.0:
  version "1.4.0"
  resolved "https://registry.npm.taobao.org/load-bmfont/download/load-bmfont-1.4.0.tgz#75f17070b14a8c785fe7f5bee2e6fd4f98093b6b"
  integrity sha1-dfFwcLFKjHhf5/W+4ub9T5gJO2s=
  dependencies:
    buffer-equal "0.0.1"
    mime "^1.3.4"
    parse-bmfont-ascii "^1.0.3"
    parse-bmfont-binary "^1.0.5"
    parse-bmfont-xml "^1.1.4"
    phin "^2.9.1"
    xhr "^2.0.1"
    xtend "^4.0.0"

media-typer@0.3.0:
  version "0.3.0"
  resolved "https://registry.npm.taobao.org/media-typer/download/media-typer-0.3.0.tgz#8710d7af0aa626f8fffa1ce00168545263255748"
  integrity sha1-hxDXrwqmJvj/+hzgAWhUUmMlV0g=

merge-descriptors@1.0.1:
  version "1.0.1"
  resolved "https://registry.npm.taobao.org/merge-descriptors/download/merge-descriptors-1.0.1.tgz#b00aaa556dd8b44568150ec9d1b953f3f90cbb61"
  integrity sha1-sAqqVW3YtEVoFQ7J0blT8/kMu2E=

methods@~1.1.2:
  version "1.1.2"
  resolved "https://registry.npm.taobao.org/methods/download/methods-1.1.2.tgz#5529a4d67654134edcc5266656835b0f851afcee"
  integrity sha1-VSmk1nZUE07cxSZmVoNbD4Ua/O4=

mime-db@1.40.0:
  version "1.40.0"
  resolved "https://registry.npm.taobao.org/mime-db/download/mime-db-1.40.0.tgz#a65057e998db090f732a68f6c276d387d4126c32"
  integrity sha1-plBX6ZjbCQ9zKmj2wnbTh9QSbDI=

mime-db@1.52.0:
  version "1.52.0"
  resolved "https://registry.yarnpkg.com/mime-db/-/mime-db-1.52.0.tgz#bbabcdc02859f4987301c856e3387ce5ec43bf70"
  integrity sha512-sPU4uV7dYlvtWJxwwxHD0PuihVNiE7TyAbQ5SWxDCB9mUYvOgroQOwYQQOKPJ8CIbE+1ETVlOoK1UC2nU3gYvg==

mime-types@~2.1.24:
  version "2.1.24"
  resolved "https://registry.npm.taobao.org/mime-types/download/mime-types-2.1.24.tgz#b6f8d0b3e951efb77dedeca194cff6d16f676f81"
  integrity sha1-tvjQs+lR77d97eyhlM/20W9nb4E=
  dependencies:
    mime-db "1.40.0"

mime-types@~2.1.34:
  version "2.1.35"
  resolved "https://registry.yarnpkg.com/mime-types/-/mime-types-2.1.35.tgz#381a871b62a734450660ae3deee44813f70d959a"
  integrity sha512-ZDY+bPm5zTTF+YpCrAU9nK0UgICYPT0QtT1NZWFv4s++TNkcgVaT0g6+4R2uI4MjQjzysHB1zxuWL50hzaeXiw==
  dependencies:
    mime-db "1.52.0"

mime@1.6.0, mime@^1.3.4:
  version "1.6.0"
  resolved "https://registry.npm.taobao.org/mime/download/mime-1.6.0.tgz#32cd9e5c64553bd58d19a568af452acff04981b1"
  integrity sha1-Ms2eXGRVO9WNGaVor0Uqz/BJgbE=

min-document@^2.19.0:
  version "2.19.0"
  resolved "https://registry.npm.taobao.org/min-document/download/min-document-2.19.0.tgz#7bd282e3f5842ed295bb748cdd9f1ffa2c824685"
  integrity sha1-e9KC4/WELtKVu3SM3Z8f+iyCRoU=
  dependencies:
    dom-walk "^0.1.0"

minimist@0.0.8:
  version "0.0.8"
  resolved "https://registry.npm.taobao.org/minimist/download/minimist-0.0.8.tgz#857fcabfc3397d2625b8228262e86aa7a011b05d"
  integrity sha1-hX/Kv8M5fSYluCKCYuhqp6ARsF0=

mkdirp@0.5.1:
  version "0.5.1"
  resolved "https://registry.npm.taobao.org/mkdirp/download/mkdirp-0.5.1.tgz#30057438eac6cf7f8c4767f38648d6697d75c903"
  integrity sha1-MAV0OOrGz3+MR2fzhkjWaX11yQM=
  dependencies:
    minimist "0.0.8"

ms@2.0.0:
  version "2.0.0"
  resolved "https://registry.npm.taobao.org/ms/download/ms-2.0.0.tgz#5608aeadfc00be6c2901df5f9861788de0d597c8"
  integrity sha1-VgiurfwAvmwpAd9fmGF4jeDVl8g=

ms@2.1.3:
  version "2.1.3"
  resolved "https://registry.yarnpkg.com/ms/-/ms-2.1.3.tgz#574c8138ce1d2b5861f0b44579dbadd60c6615b2"
  integrity sha512-6FlzubTLZG3J2a/NVCAleEhjzq5oxgHyaCU9yYXvcLsvoVaHJq/s5xXI6/XXP6tz7R9xAOtHnSO/tXtF3WRTlA==

ms@^2.1.1:
  version "2.1.1"
  resolved "https://registry.npm.taobao.org/ms/download/ms-2.1.1.tgz#30a5864eb3ebb0a66f2ebe6d727af06a09d86e0a"
  integrity sha1-MKWGTrPrsKZvLr5tcnrwagnYbgo=

negotiator@0.6.3:
  version "0.6.3"
  resolved "https://registry.yarnpkg.com/negotiator/-/negotiator-0.6.3.tgz#58e323a72fedc0d6f9cd4d31fe49f51479590ccd"
  integrity sha512-+EUsqGPLsM+j/zdChZjsnX51g4XrHFOIXwfnCVPGlQk/k5giakcKsuxCObBRu6DSm9opw/O6slWbJdghQM4bBg==

object-assign@^4:
  version "4.1.1"
  resolved "https://registry.npm.taobao.org/object-assign/download/object-assign-4.1.1.tgz#2109adc7965887cfc05cbbd442cac8bfbb360863"
  integrity sha1-IQmtx5ZYh8/AXLvUQsrIv7s2CGM=

object-component@0.0.3:
  version "0.0.3"
  resolved "https://registry.npm.taobao.org/object-component/download/object-component-0.0.3.tgz#f0c69aa50efc95b866c186f400a33769cb2f1291"
  integrity sha1-8MaapQ78lbhmwYb0AKM3acsvEpE=

object-keys@^1.0.12:
  version "1.1.1"
  resolved "https://registry.npm.taobao.org/object-keys/download/object-keys-1.1.1.tgz#1c47f272df277f3b1daf061677d9c82e2322c60e"
  integrity sha1-HEfyct8nfzsdrwYWd9nILiMixg4=

omggif@^1.0.9:
  version "1.0.9"
  resolved "https://registry.npm.taobao.org/omggif/download/omggif-1.0.9.tgz#dcb7024dacd50c52b4d303f04802c91c057c765f"
  integrity sha1-3LcCTazVDFK00wPwSALJHAV8dl8=

on-finished@~2.3.0:
  version "2.3.0"
  resolved "https://registry.npm.taobao.org/on-finished/download/on-finished-2.3.0.tgz#20f1336481b083cd75337992a16971aa2d906947"
  integrity sha1-IPEzZIGwg811M3mSoWlxqi2QaUc=
  dependencies:
    ee-first "1.1.1"

pako@^1.0.5:
  version "1.0.10"
  resolved "https://registry.npm.taobao.org/pako/download/pako-1.0.10.tgz#4328badb5086a426aa90f541977d4955da5c9732"
  integrity sha1-Qyi621CGpCaqkPVBl31JVdpclzI=

parse-bmfont-ascii@^1.0.3:
  version "1.0.6"
  resolved "https://registry.npm.taobao.org/parse-bmfont-ascii/download/parse-bmfont-ascii-1.0.6.tgz#11ac3c3ff58f7c2020ab22769079108d4dfa0285"
  integrity sha1-Eaw8P/WPfCAgqyJ2kHkQjU36AoU=

parse-bmfont-binary@^1.0.5:
  version "1.0.6"
  resolved "https://registry.npm.taobao.org/parse-bmfont-binary/download/parse-bmfont-binary-1.0.6.tgz#d038b476d3e9dd9db1e11a0b0e53a22792b69006"
  integrity sha1-0Di0dtPp3Z2x4RoLDlOiJ5K2kAY=

parse-bmfont-xml@^1.1.4:
  version "1.1.4"
  resolved "https://registry.npm.taobao.org/parse-bmfont-xml/download/parse-bmfont-xml-1.1.4.tgz#015319797e3e12f9e739c4d513872cd2fa35f389"
  integrity sha1-AVMZeX4+EvnnOcTVE4cs0vo184k=
  dependencies:
    xml-parse-from-string "^1.0.0"
    xml2js "^0.4.5"

parse-headers@^2.0.0:
  version "2.0.2"
  resolved "https://registry.npm.taobao.org/parse-headers/download/parse-headers-2.0.2.tgz#9545e8a4c1ae5eaea7d24992bca890281ed26e34"
  integrity sha1-lUXopMGuXq6n0kmSvKiQKB7SbjQ=
  dependencies:
    for-each "^0.3.3"
    string.prototype.trim "^1.1.2"

parseqs@0.0.5:
  version "0.0.5"
  resolved "https://registry.npm.taobao.org/parseqs/download/parseqs-0.0.5.tgz#d5208a3738e46766e291ba2ea173684921a8b89d"
  integrity sha1-1SCKNzjkZ2bikbouoXNoSSGouJ0=
  dependencies:
    better-assert "~1.0.0"

parseuri@0.0.5:
  version "0.0.5"
  resolved "https://registry.npm.taobao.org/parseuri/download/parseuri-0.0.5.tgz#80204a50d4dbb779bfdc6ebe2778d90e4bce320a"
  integrity sha1-gCBKUNTbt3m/3G6+J3jZDkvOMgo=
  dependencies:
    better-assert "~1.0.0"

parseurl@~1.3.3:
  version "1.3.3"
  resolved "https://registry.yarnpkg.com/parseurl/-/parseurl-1.3.3.tgz#9da19e7bee8d12dff0513ed5b76957793bc2e8d4"
  integrity sha512-CiyeOxFT/JZyN5m0z9PfXw4SCBJ6Sygz1Dpl0wqjlhDEGGBP1GnsUVEL0p63hoG1fcj3fHynXi9NYO4nWOL+qQ==

path-to-regexp@0.1.7:
  version "0.1.7"
  resolved "https://registry.npm.taobao.org/path-to-regexp/download/path-to-regexp-0.1.7.tgz#df604178005f522f15eb4490e7247a1bfaa67f8c"
  integrity sha1-32BBeABfUi8V60SQ5yR6G/qmf4w=

phin@^2.9.1:
  version "2.9.3"
  resolved "https://registry.npm.taobao.org/phin/download/phin-2.9.3.tgz#f9b6ac10a035636fb65dfc576aaaa17b8743125c"
  integrity sha1-+basEKA1Y2+2XfxXaqqhe4dDElw=

pixelmatch@^4.0.2:
  version "4.0.2"
  resolved "https://registry.npm.taobao.org/pixelmatch/download/pixelmatch-4.0.2.tgz#8f47dcec5011b477b67db03c243bc1f3085e8854"
  integrity sha1-j0fc7FARtHe2fbA8JDvB8wheiFQ=
  dependencies:
    pngjs "^3.0.0"

pngjs@^3.0.0, pngjs@^3.3.3:
  version "3.4.0"
  resolved "https://registry.npm.taobao.org/pngjs/download/pngjs-3.4.0.tgz#99ca7d725965fb655814eaf65f38f12bbdbf555f"
  integrity sha1-mcp9clll+2VYFOr2XzjxK72/VV8=

process@~0.5.1:
  version "0.5.2"
  resolved "https://registry.npm.taobao.org/process/download/process-0.5.2.tgz#1638d8a8e34c2f440a91db95ab9aeb677fc185cf"
  integrity sha1-FjjYqONML0QKkduVq5rrZ3/Bhc8=

proxy-addr@~2.0.7:
  version "2.0.7"
  resolved "https://registry.yarnpkg.com/proxy-addr/-/proxy-addr-2.0.7.tgz#f19fe69ceab311eeb94b42e70e8c2070f9ba1025"
  integrity sha512-llQsMLSUDUPT44jdrU/O37qlnifitDP+ZwrmmZcoSKyLKvtZxpyV0n2/bD/N4tBAAZ/gJEdZU7KMraoK1+XYAg==
  dependencies:
    forwarded "0.2.0"
    ipaddr.js "1.9.1"

qs@6.9.7:
  version "6.9.7"
  resolved "https://registry.yarnpkg.com/qs/-/qs-6.9.7.tgz#4610846871485e1e048f44ae3b94033f0e675afe"
  integrity sha512-IhMFgUmuNpyRfxA90umL7ByLlgRXu6tIfKPpF5TmcfRLlLCckfP/g3IQmju6jjpu+Hh8rA+2p6A27ZSPOOHdKw==

range-parser@~1.2.1:
  version "1.2.1"
  resolved "https://registry.yarnpkg.com/range-parser/-/range-parser-1.2.1.tgz#3cf37023d199e1c24d1a55b84800c2f3e6468031"
  integrity sha512-Hrgsx+orqoygnmhFbKaHE6c296J+HTAQXoxEF6gNupROmmGJRoyzfG3ccAveqCBrwr/2yxQ5BVd/GTl5agOwSg==

raw-body@2.4.3:
  version "2.4.3"
  resolved "https://registry.yarnpkg.com/raw-body/-/raw-body-2.4.3.tgz#8f80305d11c2a0a545c2d9d89d7a0286fcead43c"
  integrity sha512-UlTNLIcu0uzb4D2f4WltY6cVjLi+/jEN4lgEUj3E04tpMDpUlkBo/eSn6zou9hum2VMNpCCUone0O0WeJim07g==
  dependencies:
    bytes "3.1.2"
    http-errors "1.8.1"
    iconv-lite "0.4.24"
    unpipe "1.0.0"

regenerator-runtime@^0.13.2:
  version "0.13.2"
  resolved "https://registry.npm.taobao.org/regenerator-runtime/download/regenerator-runtime-0.13.2.tgz#32e59c9a6fb9b1a4aff09b4930ca2d4477343447"
  integrity sha1-MuWcmm+5saSv8JtJMMotRHc0NEc=

safe-buffer@5.2.1:
  version "5.2.1"
  resolved "https://registry.yarnpkg.com/safe-buffer/-/safe-buffer-5.2.1.tgz#1eaf9fa9bdb1fdd4ec75f58f9cdb4e6b7827eec6"
  integrity sha512-rp3So07KcdmmKbGvgaNxQSJr7bGVSVk5S9Eq1F+ppbRo70+YeaDxkw5Dd8NPN+GD6bjnYm2VuPuCXmpuYvmCXQ==

"safer-buffer@>= 2.1.2 < 3":
  version "2.1.2"
  resolved "https://registry.npm.taobao.org/safer-buffer/download/safer-buffer-2.1.2.tgz#44fa161b0187b9549dd84bb91802f9bd8385cd6a"
  integrity sha1-RPoWGwGHuVSd2Eu5GAL5vYOFzWo=

sax@>=0.6.0:
  version "1.2.4"
  resolved "https://registry.npm.taobao.org/sax/download/sax-1.2.4.tgz#2816234e2378bddc4e5354fab5caa895df7100d9"
  integrity sha1-KBYjTiN4vdxOU1T6tcqold9xANk=

send@0.17.2:
  version "0.17.2"
  resolved "https://registry.yarnpkg.com/send/-/send-0.17.2.tgz#926622f76601c41808012c8bf1688fe3906f7820"
  integrity sha512-UJYB6wFSJE3G00nEivR5rgWp8c2xXvJ3OPWPhmuteU0IKj8nKbG3DrjiOmLwpnHGYWAVwA69zmTm++YG0Hmwww==
  dependencies:
    debug "2.6.9"
    depd "~1.1.2"
    destroy "~1.0.4"
    encodeurl "~1.0.2"
    escape-html "~1.0.3"
    etag "~1.8.1"
    fresh "0.5.2"
    http-errors "1.8.1"
    mime "1.6.0"
    ms "2.1.3"
    on-finished "~2.3.0"
    range-parser "~1.2.1"
    statuses "~1.5.0"

serve-static@1.14.2:
  version "1.14.2"
  resolved "https://registry.yarnpkg.com/serve-static/-/serve-static-1.14.2.tgz#722d6294b1d62626d41b43a013ece4598d292bfa"
  integrity sha512-+TMNA9AFxUEGuC0z2mevogSnn9MXKb4fa7ngeRMJaaGv8vTwnIEkKi+QGvPt33HSnf8pRS+WGM0EbMtCJLKMBQ==
  dependencies:
    encodeurl "~1.0.2"
    escape-html "~1.0.3"
    parseurl "~1.3.3"
    send "0.17.2"

setprototypeof@1.2.0:
  version "1.2.0"
  resolved "https://registry.yarnpkg.com/setprototypeof/-/setprototypeof-1.2.0.tgz#66c9a24a73f9fc28cbe66b09fed3d33dcaf1b424"
  integrity sha512-E5LDX7Wrp85Kil5bhZv46j8jOeboKq5JMmYM3gVGdGH8xFpPWXUMsNrlODCrkoxMEeNi/XZIwuRvY4XNwYMJpw==

socket.io-adapter@~1.1.0:
  version "1.1.1"
  resolved "https://registry.npm.taobao.org/socket.io-adapter/download/socket.io-adapter-1.1.1.tgz#2a805e8a14d6372124dd9159ad4502f8cb07f06b"
  integrity sha1-KoBeihTWNyEk3ZFZrUUC+MsH8Gs=

socket.io-client@2.2.0:
  version "2.2.0"
  resolved "https://registry.npm.taobao.org/socket.io-client/download/socket.io-client-2.2.0.tgz#84e73ee3c43d5020ccc1a258faeeb9aec2723af7"
  integrity sha1-hOc+48Q9UCDMwaJY+u65rsJyOvc=
  dependencies:
    backo2 "1.0.2"
    base64-arraybuffer "0.1.5"
    component-bind "1.0.0"
    component-emitter "1.2.1"
    debug "~3.1.0"
    engine.io-client "~3.3.1"
    has-binary2 "~1.0.2"
    has-cors "1.1.0"
    indexof "0.0.1"
    object-component "0.0.3"
    parseqs "0.0.5"
    parseuri "0.0.5"
    socket.io-parser "~3.3.0"
    to-array "0.1.4"

socket.io-parser@~3.3.0:
  version "3.3.0"
  resolved "https://registry.npm.taobao.org/socket.io-parser/download/socket.io-parser-3.3.0.tgz#2b52a96a509fdf31440ba40fed6094c7d4f1262f"
  integrity sha1-K1KpalCf3zFEC6QP7WCUx9TxJi8=
  dependencies:
    component-emitter "1.2.1"
    debug "~3.1.0"
    isarray "2.0.1"

socket.io@^2.2.0:
  version "2.2.0"
  resolved "https://registry.npm.taobao.org/socket.io/download/socket.io-2.2.0.tgz#f0f633161ef6712c972b307598ecd08c9b1b4d5b"
  integrity sha1-8PYzFh72cSyXKzB1mOzQjJsbTVs=
  dependencies:
    debug "~4.1.0"
    engine.io "~3.3.1"
    has-binary2 "~1.0.2"
    socket.io-adapter "~1.1.0"
    socket.io-client "2.2.0"
    socket.io-parser "~3.3.0"

"statuses@>= 1.5.0 < 2", statuses@~1.5.0:
  version "1.5.0"
  resolved "https://registry.yarnpkg.com/statuses/-/statuses-1.5.0.tgz#161c7dac177659fd9811f43771fa99381478628c"
  integrity sha512-OpZ3zP+jT1PI7I8nemJX4AKmAX070ZkYPVWV/AaKTJl+tXCTGyVdC1a4SL8RUQYEwk/f34ZX8UTykN68FwrqAA==

string.prototype.trim@^1.1.2:
  version "1.1.2"
  resolved "https://registry.npm.taobao.org/string.prototype.trim/download/string.prototype.trim-1.1.2.tgz#d04de2c89e137f4d7d206f086b5ed2fae6be8cea"
  integrity sha1-0E3iyJ4Tf019IG8Ia17S+ua+jOo=
  dependencies:
    define-properties "^1.1.2"
    es-abstract "^1.5.0"
    function-bind "^1.0.2"

timm@^1.6.1:
  version "1.6.1"
  resolved "https://registry.npm.taobao.org/timm/download/timm-1.6.1.tgz#5f8aafc932248c76caf2c6af60542a32d3c30701"
  integrity sha1-X4qvyTIkjHbK8savYFQqMtPDBwE=

tinycolor2@^1.4.1:
  version "1.4.1"
  resolved "https://registry.npm.taobao.org/tinycolor2/download/tinycolor2-1.4.1.tgz#f4fad333447bc0b07d4dc8e9209d8f39a8ac77e8"
  integrity sha1-9PrTM0R7wLB9TcjpIJ2POaisd+g=

to-array@0.1.4:
  version "0.1.4"
  resolved "https://registry.npm.taobao.org/to-array/download/to-array-0.1.4.tgz#17e6c11f73dd4f3d74cda7a4ff3238e9ad9bf890"
  integrity sha1-F+bBH3PdTz10zaek/zI46a2b+JA=

toidentifier@1.0.1:
  version "1.0.1"
  resolved "https://registry.yarnpkg.com/toidentifier/-/toidentifier-1.0.1.tgz#3be34321a88a820ed1bd80dfaa33e479fbb8dd35"
  integrity sha512-o5sSPKEkg/DIQNmH43V0/uerLrpzVedkUh8tGNvaeXpfpuwjKenlSox/2O/BTlZUtEe+JG7s5YhEz608PlAHRA==

type-is@~1.6.18:
  version "1.6.18"
  resolved "https://registry.yarnpkg.com/type-is/-/type-is-1.6.18.tgz#4e552cd05df09467dcbc4ef739de89f2cf37c131"
  integrity sha512-TkRKr9sUTxEH8MdfuCSP7VizJyzRNMjj2J2do2Jr3Kym598JVdEksuzPQCnlFPW4ky9Q+iA+ma9BGm06XQBy8g==
  dependencies:
    media-typer "0.3.0"
    mime-types "~2.1.24"

unpipe@1.0.0, unpipe@~1.0.0:
  version "1.0.0"
  resolved "https://registry.npm.taobao.org/unpipe/download/unpipe-1.0.0.tgz#b2bf4ee8514aae6165b4817829d21b2ef49904ec"
  integrity sha1-sr9O6FFKrmFltIF4KdIbLvSZBOw=

utif@^2.0.1:
  version "2.0.1"
  resolved "https://registry.npm.taobao.org/utif/download/utif-2.0.1.tgz#9e1582d9bbd20011a6588548ed3266298e711759"
  integrity sha1-nhWC2bvSABGmWIVI7TJmKY5xF1k=
  dependencies:
    pako "^1.0.5"

utils-merge@1.0.1:
  version "1.0.1"
  resolved "https://registry.npm.taobao.org/utils-merge/download/utils-merge-1.0.1.tgz#9f95710f50a267947b2ccc124741c1028427e713"
  integrity sha1-n5VxD1CiZ5R7LMwSR0HBAoQn5xM=

vary@^1, vary@~1.1.2:
  version "1.1.2"
  resolved "https://registry.npm.taobao.org/vary/download/vary-1.1.2.tgz#2299f02c6ded30d4a5961b0b9f74524a18f634fc"
  integrity sha1-IpnwLG3tMNSllhsLn3RSShj2NPw=

ws@~6.1.0:
  version "6.1.4"
  resolved "https://registry.npm.taobao.org/ws/download/ws-6.1.4.tgz#5b5c8800afab925e94ccb29d153c8d02c1776ef9"
  integrity sha1-W1yIAK+rkl6UzLKdFTyNAsF3bvk=
  dependencies:
    async-limiter "~1.0.0"

xhr@^2.0.1:
  version "2.5.0"
  resolved "https://registry.npm.taobao.org/xhr/download/xhr-2.5.0.tgz#bed8d1676d5ca36108667692b74b316c496e49dd"
  integrity sha1-vtjRZ21co2EIZnaSt0sxbEluSd0=
  dependencies:
    global "~4.3.0"
    is-function "^1.0.1"
    parse-headers "^2.0.0"
    xtend "^4.0.0"

xml-parse-from-string@^1.0.0:
  version "1.0.1"
  resolved "https://registry.npm.taobao.org/xml-parse-from-string/download/xml-parse-from-string-1.0.1.tgz#a9029e929d3dbcded169f3c6e28238d95a5d5a28"
  integrity sha1-qQKekp09vN7RafPG4oI42VpdWig=

xml2js@^0.4.5:
  version "0.4.19"
  resolved "https://registry.npm.taobao.org/xml2js/download/xml2js-0.4.19.tgz#686c20f213209e94abf0d1bcf1efaa291c7827a7"
  integrity sha1-aGwg8hMgnpSr8NG88e+qKRx4J6c=
  dependencies:
    sax ">=0.6.0"
    xmlbuilder "~9.0.1"

xmlbuilder@~9.0.1:
  version "9.0.7"
  resolved "https://registry.npm.taobao.org/xmlbuilder/download/xmlbuilder-9.0.7.tgz#132ee63d2ec5565c557e20f4c22df9aca686b10d"
  integrity sha1-Ey7mPS7FVlxVfiD0wi35rKaGsQ0=

xmlhttprequest-ssl@~1.5.4:
  version "1.5.5"
  resolved "https://registry.npm.taobao.org/xmlhttprequest-ssl/download/xmlhttprequest-ssl-1.5.5.tgz#c2876b06168aadc40e57d97e81191ac8f4398b3e"
  integrity sha1-wodrBhaKrcQOV9l+gRkayPQ5iz4=

xtend@^4.0.0:
  version "4.0.1"
  resolved "https://registry.npm.taobao.org/xtend/download/xtend-4.0.1.tgz#a5c6d532be656e23db820efb943a1f04998d63af"
  integrity sha1-pcbVMr5lbiPbgg77lDofBJmNY68=

yeast@0.1.2:
  version "0.1.2"
  resolved "https://registry.npm.taobao.org/yeast/download/yeast-0.1.2.tgz#008e06d8094320c372dbc2f8ed76a0ca6c8ac419"
  integrity sha1-AI4G2AlDIMNy28L47XagymyKxBk=
